
Microsoft Visual Studio Solution File, Format Version 12.00
# Visual Studio Version 17
VisualStudioVersion = 17.13.35919.96
MinimumVisualStudioVersion = 10.0.40219.1
Project("{2150E333-8FDC-42A3-9474-1A3956D46DE8}") = "aspire", "aspire", "{02EA681E-C7D8-13C7-8484-4AC65E1B71E8}"
EndProject
Project("{2150E333-8FDC-42A3-9474-1A3956D46DE8}") = "services", "services", "{0F692089-614C-4E68-9F73-8DB0009E6066}"
EndProject
Project("{2150E333-8FDC-42A3-9474-1A3956D46DE8}") = "frontend", "frontend", "{75645671-C983-4958-BAB1-AEEEEEFCF166}"
EndProject
Project("{FAE04EC0-301F-11D3-BF4B-00C04F79EFBC}") = "AppHost", "AppHost\AppHost.csproj", "{FF194655-E59E-40C6-94B0-B01597E9F56A}"
EndProject
Project("{FAE04EC0-301F-11D3-BF4B-00C04F79EFBC}") = "ServiceDefaults", "ServiceDefaults\ServiceDefaults.csproj", "{B07B235F-BCF8-4C8F-84FC-E7045A8C7072}"
EndProject
Project("{FAE04EC0-301F-11D3-BF4B-00C04F79EFBC}") = "Catalog", "Catalog\Catalog.csproj", "{C4F761E8-674E-7804-3E8F-374E41B75BE9}"
EndProject
Global
	GlobalSection(SolutionConfigurationPlatforms) = preSolution
		Debug|Any CPU = Debug|Any CPU
		Release|Any CPU = Release|Any CPU
	EndGlobalSection
	GlobalSection(ProjectConfigurationPlatforms) = postSolution
		{FF194655-E59E-40C6-94B0-B01597E9F56A}.Debug|Any CPU.ActiveCfg = Debug|Any CPU
		{FF194655-E59E-40C6-94B0-B01597E9F56A}.Debug|Any CPU.Build.0 = Debug|Any CPU
		{FF194655-E59E-40C6-94B0-B01597E9F56A}.Release|Any CPU.ActiveCfg = Release|Any CPU
		{FF194655-E59E-40C6-94B0-B01597E9F56A}.Release|Any CPU.Build.0 = Release|Any CPU
		{B07B235F-BCF8-4C8F-84FC-E7045A8C7072}.Debug|Any CPU.ActiveCfg = Debug|Any CPU
		{B07B235F-BCF8-4C8F-84FC-E7045A8C7072}.Debug|Any CPU.Build.0 = Debug|Any CPU
		{B07B235F-BCF8-4C8F-84FC-E7045A8C7072}.Release|Any CPU.ActiveCfg = Release|Any CPU
		{B07B235F-BCF8-4C8F-84FC-E7045A8C7072}.Release|Any CPU.Build.0 = Release|Any CPU
		{C4F761E8-674E-7804-3E8F-374E41B75BE9}.Debug|Any CPU.ActiveCfg = Debug|Any CPU
		{C4F761E8-674E-7804-3E8F-374E41B75BE9}.Debug|Any CPU.Build.0 = Debug|Any CPU
		{C4F761E8-674E-7804-3E8F-374E41B75BE9}.Release|Any CPU.ActiveCfg = Release|Any CPU
		{C4F761E8-674E-7804-3E8F-374E41B75BE9}.Release|Any CPU.Build.0 = Release|Any CPU
	EndGlobalSection
	GlobalSection(SolutionProperties) = preSolution
		HideSolutionNode = FALSE
	EndGlobalSection
	GlobalSection(NestedProjects) = preSolution
		{FF194655-E59E-40C6-94B0-B01597E9F56A} = {02EA681E-C7D8-13C7-8484-4AC65E1B71E8}
		{B07B235F-BCF8-4C8F-84FC-E7045A8C7072} = {02EA681E-C7D8-13C7-8484-4AC65E1B71E8}
		{C4F761E8-674E-7804-3E8F-374E41B75BE9} = {0F692089-614C-4E68-9F73-8DB0009E6066}
	EndGlobalSection
	GlobalSection(ExtensibilityGlobals) = postSolution
		SolutionGuid = {F89D6C7A-72C7-4458-AA6A-F29E6343A73F}
	EndGlobalSection
EndGlobal
